
Microsoft Visual Studio Solution File, Format Version 12.00
# Visual Studio 14
VisualStudioVersion = 14.0.25420.1
MinimumVisualStudioVersion = 10.0.40219.1
Project("{FAE04EC0-301F-11D3-BF4B-00C04F79EFBC}") = "IdentityV2.Presentation", "IdentityV2.Presentation\IdentityV2.Presentation.csproj", "{7DFDF2C7-D30A-4B33-9949-5675DB477D4E}"
EndProject
Project("{FAE04EC0-301F-11D3-BF4B-00C04F79EFBC}") = "IdentityV2.Domain", "IdentityV2.Domain\IdentityV2.Domain.csproj", "{EB5A000E-A2F7-4121-9DFB-2251FF1431A2}"
EndProject
Project("{FAE04EC0-301F-11D3-BF4B-00C04F79EFBC}") = "IdentityV2.Data", "IdentityV2.Data\IdentityV2.Data.csproj", "{7282E44C-37CB-4C58-BA38-293FEBA9A8DA}"
EndProject
Project("{FAE04EC0-301F-11D3-BF4B-00C04F79EFBC}") = "IdentityV2.Service", "IdentityV2.Service\IdentityV2.Service.csproj", "{FE8C06B3-A436-4433-ACF6-DB0665D19623}"
EndProject
Project("{FAE04EC0-301F-11D3-BF4B-00C04F79EFBC}") = "IdentityV2.ServicePattern", "IdentityV2.ServicePattern\IdentityV2.ServicePattern.csproj", "{FE55DEFF-8322-41AD-98AC-2002F7298C00}"
EndProject
Project("{FAE04EC0-301F-11D3-BF4B-00C04F79EFBC}") = "MVCConsumeWebApi", "MVCConsumeWebApi\MVCConsumeWebApi.csproj", "{CFEDAA30-F769-495D-A2F4-151696CC290D}"
EndProject
Global
	GlobalSection(SolutionConfigurationPlatforms) = preSolution
		Debug|Any CPU = Debug|Any CPU
		Release|Any CPU = Release|Any CPU
	EndGlobalSection
	GlobalSection(ProjectConfigurationPlatforms) = postSolution
		{7DFDF2C7-D30A-4B33-9949-5675DB477D4E}.Debug|Any CPU.ActiveCfg = Debug|Any CPU
		{7DFDF2C7-D30A-4B33-9949-5675DB477D4E}.Debug|Any CPU.Build.0 = Debug|Any CPU
		{7DFDF2C7-D30A-4B33-9949-5675DB477D4E}.Release|Any CPU.ActiveCfg = Release|Any CPU
		{7DFDF2C7-D30A-4B33-9949-5675DB477D4E}.Release|Any CPU.Build.0 = Release|Any CPU
		{EB5A000E-A2F7-4121-9DFB-2251FF1431A2}.Debug|Any CPU.ActiveCfg = Debug|Any CPU
		{EB5A000E-A2F7-4121-9DFB-2251FF1431A2}.Debug|Any CPU.Build.0 = Debug|Any CPU
		{EB5A000E-A2F7-4121-9DFB-2251FF1431A2}.Release|Any CPU.ActiveCfg = Release|Any CPU
		{EB5A000E-A2F7-4121-9DFB-2251FF1431A2}.Release|Any CPU.Build.0 = Release|Any CPU
		{7282E44C-37CB-4C58-BA38-293FEBA9A8DA}.Debug|Any CPU.ActiveCfg = Debug|Any CPU
		{7282E44C-37CB-4C58-BA38-293FEBA9A8DA}.Debug|Any CPU.Build.0 = Debug|Any CPU
		{7282E44C-37CB-4C58-BA38-293FEBA9A8DA}.Release|Any CPU.ActiveCfg = Release|Any CPU
		{7282E44C-37CB-4C58-BA38-293FEBA9A8DA}.Release|Any CPU.Build.0 = Release|Any CPU
		{FE8C06B3-A436-4433-ACF6-DB0665D19623}.Debug|Any CPU.ActiveCfg = Debug|Any CPU
		{FE8C06B3-A436-4433-ACF6-DB0665D19623}.Debug|Any CPU.Build.0 = Debug|Any CPU
		{FE8C06B3-A436-4433-ACF6-DB0665D19623}.Release|Any CPU.ActiveCfg = Release|Any CPU
		{FE8C06B3-A436-4433-ACF6-DB0665D19623}.Release|Any CPU.Build.0 = Release|Any CPU
		{FE55DEFF-8322-41AD-98AC-2002F7298C00}.Debug|Any CPU.ActiveCfg = Debug|Any CPU
		{FE55DEFF-8322-41AD-98AC-2002F7298C00}.Debug|Any CPU.Build.0 = Debug|Any CPU
		{FE55DEFF-8322-41AD-98AC-2002F7298C00}.Release|Any CPU.ActiveCfg = Release|Any CPU
		{FE55DEFF-8322-41AD-98AC-2002F7298C00}.Release|Any CPU.Build.0 = Release|Any CPU
		{CFEDAA30-F769-495D-A2F4-151696CC290D}.Debug|Any CPU.ActiveCfg = Debug|Any CPU
		{CFEDAA30-F769-495D-A2F4-151696CC290D}.Debug|Any CPU.Build.0 = Debug|Any CPU
		{CFEDAA30-F769-495D-A2F4-151696CC290D}.Release|Any CPU.ActiveCfg = Release|Any CPU
		{CFEDAA30-F769-495D-A2F4-151696CC290D}.Release|Any CPU.Build.0 = Release|Any CPU
	EndGlobalSection
	GlobalSection(SolutionProperties) = preSolution
		HideSolutionNode = FALSE
	EndGlobalSection
EndGlobal
